{
  "name": "guandan",
  "version": "0.0.0",
  "lockfileVersion": 3,
  "requires": true,
  "packages": {
    "": {
      "name": "guandan",
      "version": "0.0.0",
      "workspaces": [
        "apps/mobile",
        "apps/server",
        "packages/game-domain",
        "packages/protocol"
      ],
      "engines": {
        "node": ">=22.13.0 <23",
        "npm": ">=10"
      }
    },
    "apps/mobile": {
      "name": "@guandan/mobile",
      "version": "0.0.0"
    },
    "apps/server": {
      "name": "@guandan/server",
      "version": "0.0.0"
    },
    "node_modules/@guandan/game-domain": {
      "resolved": "packages/game-domain",
      "link": true
    },
    "node_modules/@guandan/mobile": {
      "resolved": "apps/mobile",
      "link": true
    },
    "node_modules/@guandan/protocol": {
      "resolved": "packages/protocol",
      "link": true
    },
    "node_modules/@guandan/server": {
      "resolved": "apps/server",
      "link": true
    },
    "packages/game-domain": {
      "name": "@guandan/game-domain",
      "version": "0.0.0"
    },
    "packages/protocol": {
      "name": "@guandan/protocol",
      "version": "0.0.0"
    }
  }
}
